{
  "name": "octo-conky",
  "version": "1.0.0",
  "lockfileVersion": 1,
  "requires": true,
  "dependencies": {
    "octo-client": {
      "version": "1.1.1",
      "resolved": "https://registry.npmjs.org/octo-client/-/octo-client-1.1.1.tgz",
      "integrity": "sha512-XayefZzY/KIWR08sjvOCJWWfZj4AI5eHxPhk3ZO2x4mxOU0yDLoGY2mKpoH9h/23ZbwTGYXNXr09Z9vLkuwT1w=="
    }
  }
}
